# This file was autogenerated by Stack.
# You should not edit this file by hand.
# For more information, please see the documentation at:
#   https://docs.haskellstack.org/en/stable/lock_files

packages:
- completed:
    name: souffle-haskell
    version: 3.2.0
    git: https://github.com/luc-tielen/souffle-haskell
    pantry-tree:
      size: 321923
      sha256: 16020cb1f6384a9dbbda6956927bebb39aacf84fe939d1885328986c2fa362c7
    commit: 6a556c8b7657aeb2c791cbf0def343e2172b969b
  original:
    git: https://github.com/luc-tielen/souffle-haskell
    commit: 6a556c8b7657aeb2c791cbf0def343e2172b969b
snapshots:
- completed:
    size: 532832
    url: https://raw.githubusercontent.com/commercialhaskell/stackage-snapshots/master/lts/16/23.yaml
    sha256: fbb2a0519008533924c7753bd7164ddd1009f09504eb06674acad6049b46db09
  original:
    url: https://raw.githubusercontent.com/commercialhaskell/stackage-snapshots/master/lts/16/23.yaml
